
Microsoft Visual Studio Solution File, Format Version 12.00
# Visual Studio Version 16
VisualStudioVersion = 16.0.31321.278
MinimumVisualStudioVersion = 10.0.40219.1
Project("{FAE04EC0-301F-11D3-BF4B-00C04F79EFBC}") = "01_TypesAndVariables", "01_TypesAndVariables\01_TypesAndVariables.csproj", "{C0881AEE-C915-4CA6-9101-22A6081DF884}"
EndProject
Global
	GlobalSection(SolutionConfigurationPlatforms) = preSolution
		Debug|Any CPU = Debug|Any CPU
		Release|Any CPU = Release|Any CPU
	EndGlobalSection
	GlobalSection(ProjectConfigurationPlatforms) = postSolution
		{C0881AEE-C915-4CA6-9101-22A6081DF884}.Debug|Any CPU.ActiveCfg = Debug|Any CPU
		{C0881AEE-C915-4CA6-9101-22A6081DF884}.Debug|Any CPU.Build.0 = Debug|Any CPU
		{C0881AEE-C915-4CA6-9101-22A6081DF884}.Release|Any CPU.ActiveCfg = Release|Any CPU
		{C0881AEE-C915-4CA6-9101-22A6081DF884}.Release|Any CPU.Build.0 = Release|Any CPU
	EndGlobalSection
	GlobalSection(SolutionProperties) = preSolution
		HideSolutionNode = FALSE
	EndGlobalSection
	GlobalSection(ExtensibilityGlobals) = postSolution
		SolutionGuid = {2430D823-7B8A-4AF8-A3D1-9EB4826C931B}
	EndGlobalSection
EndGlobal
