
Microsoft Visual Studio Solution File, Format Version 12.00
# Visual Studio Version 16
VisualStudioVersion = 16.0.31321.278
MinimumVisualStudioVersion = 10.0.40219.1
Project("{FAE04EC0-301F-11D3-BF4B-00C04F79EFBC}") = "01_TypesAndVariables", "01_TypesAndVariables\01_TypesAndVariables.csproj", "{C0881AEE-C915-4CA6-9101-22A6081DF884}"
EndProject
Project("{FAE04EC0-301F-11D3-BF4B-00C04F79EFBC}") = "02_Operators", "02_Operators\02_Operators.csproj", "{9629D2AF-AA0D-49A5-88F6-477D39D4F926}"
EndProject
Project("{FAE04EC0-301F-11D3-BF4B-00C04F79EFBC}") = "03_Conditionals", "03_Conditionals\03_Conditionals.csproj", "{79760DFD-5360-4967-909D-2AE06AA03D00}"
EndProject
Project("{FAE04EC0-301F-11D3-BF4B-00C04F79EFBC}") = "04_Loops", "04_Loops\04_Loops.csproj", "{758553A9-0DC8-4098-84ED-3699B44A40D4}"
EndProject
Project("{FAE04EC0-301F-11D3-BF4B-00C04F79EFBC}") = "05_Methods", "05_Methods\05_Methods.csproj", "{0E90EE93-B6C0-4A03-97A8-796B32855B45}"
EndProject
Project("{FAE04EC0-301F-11D3-BF4B-00C04F79EFBC}") = "06_Classes", "06_Classes\06_Classes.csproj", "{66E293E4-11DA-468A-B8FF-11E7E91268FE}"
EndProject
Project("{FAE04EC0-301F-11D3-BF4B-00C04F79EFBC}") = "07_StreamingContent_Console", "07_StreamingContentConsole\07_StreamingContent_Console.csproj", "{CED9CC25-0158-4047-AE01-B44466686BD1}"
EndProject
Project("{FAE04EC0-301F-11D3-BF4B-00C04F79EFBC}") = "07_StreamingContent_Tests", "07_StreamingContent_Tests\07_StreamingContent_Tests.csproj", "{2B75FDBD-0160-4EF3-9475-20365D9F9D2B}"
EndProject
Project("{FAE04EC0-301F-11D3-BF4B-00C04F79EFBC}") = "07_StreamingContent_Repository", "07_StreamingContent_Repository\07_StreamingContent_Repository.csproj", "{E19C2B75-CD83-4CC8-826B-175689FCE475}"
EndProject
Project("{FAE04EC0-301F-11D3-BF4B-00C04F79EFBC}") = "00_MorningChallenges", "00_MorningChallenges\00_MorningChallenges.csproj", "{C0E2FDA5-295B-40E5-B7C0-815AFE428F2A}"
EndProject
Global
	GlobalSection(SolutionConfigurationPlatforms) = preSolution
		Debug|Any CPU = Debug|Any CPU
		Release|Any CPU = Release|Any CPU
	EndGlobalSection
	GlobalSection(ProjectConfigurationPlatforms) = postSolution
		{C0881AEE-C915-4CA6-9101-22A6081DF884}.Debug|Any CPU.ActiveCfg = Debug|Any CPU
		{C0881AEE-C915-4CA6-9101-22A6081DF884}.Debug|Any CPU.Build.0 = Debug|Any CPU
		{C0881AEE-C915-4CA6-9101-22A6081DF884}.Release|Any CPU.ActiveCfg = Release|Any CPU
		{C0881AEE-C915-4CA6-9101-22A6081DF884}.Release|Any CPU.Build.0 = Release|Any CPU
		{9629D2AF-AA0D-49A5-88F6-477D39D4F926}.Debug|Any CPU.ActiveCfg = Debug|Any CPU
		{9629D2AF-AA0D-49A5-88F6-477D39D4F926}.Debug|Any CPU.Build.0 = Debug|Any CPU
		{9629D2AF-AA0D-49A5-88F6-477D39D4F926}.Release|Any CPU.ActiveCfg = Release|Any CPU
		{9629D2AF-AA0D-49A5-88F6-477D39D4F926}.Release|Any CPU.Build.0 = Release|Any CPU
		{79760DFD-5360-4967-909D-2AE06AA03D00}.Debug|Any CPU.ActiveCfg = Debug|Any CPU
		{79760DFD-5360-4967-909D-2AE06AA03D00}.Debug|Any CPU.Build.0 = Debug|Any CPU
		{79760DFD-5360-4967-909D-2AE06AA03D00}.Release|Any CPU.ActiveCfg = Release|Any CPU
		{79760DFD-5360-4967-909D-2AE06AA03D00}.Release|Any CPU.Build.0 = Release|Any CPU
		{758553A9-0DC8-4098-84ED-3699B44A40D4}.Debug|Any CPU.ActiveCfg = Debug|Any CPU
		{758553A9-0DC8-4098-84ED-3699B44A40D4}.Debug|Any CPU.Build.0 = Debug|Any CPU
		{758553A9-0DC8-4098-84ED-3699B44A40D4}.Release|Any CPU.ActiveCfg = Release|Any CPU
		{758553A9-0DC8-4098-84ED-3699B44A40D4}.Release|Any CPU.Build.0 = Release|Any CPU
		{0E90EE93-B6C0-4A03-97A8-796B32855B45}.Debug|Any CPU.ActiveCfg = Debug|Any CPU
		{0E90EE93-B6C0-4A03-97A8-796B32855B45}.Debug|Any CPU.Build.0 = Debug|Any CPU
		{0E90EE93-B6C0-4A03-97A8-796B32855B45}.Release|Any CPU.ActiveCfg = Release|Any CPU
		{0E90EE93-B6C0-4A03-97A8-796B32855B45}.Release|Any CPU.Build.0 = Release|Any CPU
		{66E293E4-11DA-468A-B8FF-11E7E91268FE}.Debug|Any CPU.ActiveCfg = Debug|Any CPU
		{66E293E4-11DA-468A-B8FF-11E7E91268FE}.Debug|Any CPU.Build.0 = Debug|Any CPU
		{66E293E4-11DA-468A-B8FF-11E7E91268FE}.Release|Any CPU.ActiveCfg = Release|Any CPU
		{66E293E4-11DA-468A-B8FF-11E7E91268FE}.Release|Any CPU.Build.0 = Release|Any CPU
		{CED9CC25-0158-4047-AE01-B44466686BD1}.Debug|Any CPU.ActiveCfg = Debug|Any CPU
		{CED9CC25-0158-4047-AE01-B44466686BD1}.Debug|Any CPU.Build.0 = Debug|Any CPU
		{CED9CC25-0158-4047-AE01-B44466686BD1}.Release|Any CPU.ActiveCfg = Release|Any CPU
		{CED9CC25-0158-4047-AE01-B44466686BD1}.Release|Any CPU.Build.0 = Release|Any CPU
		{2B75FDBD-0160-4EF3-9475-20365D9F9D2B}.Debug|Any CPU.ActiveCfg = Debug|Any CPU
		{2B75FDBD-0160-4EF3-9475-20365D9F9D2B}.Debug|Any CPU.Build.0 = Debug|Any CPU
		{2B75FDBD-0160-4EF3-9475-20365D9F9D2B}.Release|Any CPU.ActiveCfg = Release|Any CPU
		{2B75FDBD-0160-4EF3-9475-20365D9F9D2B}.Release|Any CPU.Build.0 = Release|Any CPU
		{E19C2B75-CD83-4CC8-826B-175689FCE475}.Debug|Any CPU.ActiveCfg = Debug|Any CPU
		{E19C2B75-CD83-4CC8-826B-175689FCE475}.Debug|Any CPU.Build.0 = Debug|Any CPU
		{E19C2B75-CD83-4CC8-826B-175689FCE475}.Release|Any CPU.ActiveCfg = Release|Any CPU
		{E19C2B75-CD83-4CC8-826B-175689FCE475}.Release|Any CPU.Build.0 = Release|Any CPU
		{C0E2FDA5-295B-40E5-B7C0-815AFE428F2A}.Debug|Any CPU.ActiveCfg = Debug|Any CPU
		{C0E2FDA5-295B-40E5-B7C0-815AFE428F2A}.Debug|Any CPU.Build.0 = Debug|Any CPU
		{C0E2FDA5-295B-40E5-B7C0-815AFE428F2A}.Release|Any CPU.ActiveCfg = Release|Any CPU
		{C0E2FDA5-295B-40E5-B7C0-815AFE428F2A}.Release|Any CPU.Build.0 = Release|Any CPU
	EndGlobalSection
	GlobalSection(SolutionProperties) = preSolution
		HideSolutionNode = FALSE
	EndGlobalSection
	GlobalSection(ExtensibilityGlobals) = postSolution
		SolutionGuid = {2430D823-7B8A-4AF8-A3D1-9EB4826C931B}
	EndGlobalSection
EndGlobal
