
Microsoft Visual Studio Solution File, Format Version 12.00
# Visual Studio Version 16
VisualStudioVersion = 16.0.31321.278
MinimumVisualStudioVersion = 10.0.40219.1
Project("{FAE04EC0-301F-11D3-BF4B-00C04F79EFBC}") = "01_TypesAndVariables", "01_TypesAndVariables\01_TypesAndVariables.csproj", "{C0881AEE-C915-4CA6-9101-22A6081DF884}"
EndProject
Project("{FAE04EC0-301F-11D3-BF4B-00C04F79EFBC}") = "02_Operators", "02_Operators\02_Operators.csproj", "{9629D2AF-AA0D-49A5-88F6-477D39D4F926}"
EndProject
Project("{FAE04EC0-301F-11D3-BF4B-00C04F79EFBC}") = "03_Conditionals", "03_Conditionals\03_Conditionals.csproj", "{79760DFD-5360-4967-909D-2AE06AA03D00}"
EndProject
Global
	GlobalSection(SolutionConfigurationPlatforms) = preSolution
		Debug|Any CPU = Debug|Any CPU
		Release|Any CPU = Release|Any CPU
	EndGlobalSection
	GlobalSection(ProjectConfigurationPlatforms) = postSolution
		{C0881AEE-C915-4CA6-9101-22A6081DF884}.Debug|Any CPU.ActiveCfg = Debug|Any CPU
		{C0881AEE-C915-4CA6-9101-22A6081DF884}.Debug|Any CPU.Build.0 = Debug|Any CPU
		{C0881AEE-C915-4CA6-9101-22A6081DF884}.Release|Any CPU.ActiveCfg = Release|Any CPU
		{C0881AEE-C915-4CA6-9101-22A6081DF884}.Release|Any CPU.Build.0 = Release|Any CPU
		{9629D2AF-AA0D-49A5-88F6-477D39D4F926}.Debug|Any CPU.ActiveCfg = Debug|Any CPU
		{9629D2AF-AA0D-49A5-88F6-477D39D4F926}.Debug|Any CPU.Build.0 = Debug|Any CPU
		{9629D2AF-AA0D-49A5-88F6-477D39D4F926}.Release|Any CPU.ActiveCfg = Release|Any CPU
		{9629D2AF-AA0D-49A5-88F6-477D39D4F926}.Release|Any CPU.Build.0 = Release|Any CPU
		{79760DFD-5360-4967-909D-2AE06AA03D00}.Debug|Any CPU.ActiveCfg = Debug|Any CPU
		{79760DFD-5360-4967-909D-2AE06AA03D00}.Debug|Any CPU.Build.0 = Debug|Any CPU
		{79760DFD-5360-4967-909D-2AE06AA03D00}.Release|Any CPU.ActiveCfg = Release|Any CPU
		{79760DFD-5360-4967-909D-2AE06AA03D00}.Release|Any CPU.Build.0 = Release|Any CPU
	EndGlobalSection
	GlobalSection(SolutionProperties) = preSolution
		HideSolutionNode = FALSE
	EndGlobalSection
	GlobalSection(ExtensibilityGlobals) = postSolution
		SolutionGuid = {2430D823-7B8A-4AF8-A3D1-9EB4826C931B}
	EndGlobalSection
EndGlobal
