
Microsoft Visual Studio Solution File, Format Version 12.00
# Visual Studio Version 16
VisualStudioVersion = 16.0.31729.503
MinimumVisualStudioVersion = 10.0.40219.1
Project("{FAE04EC0-301F-11D3-BF4B-00C04F79EFBC}") = "BakerStreetBakeryChallenge", "BakerStreetBakeryChallenge\BakerStreetBakeryChallenge.csproj", "{08F1739D-B342-46B8-88B2-C0AE960FB8BA}"
EndProject
Project("{FAE04EC0-301F-11D3-BF4B-00C04F79EFBC}") = "BakerStreetBakery_Lib", "BakerStreetBakery_Lib\BakerStreetBakery_Lib.csproj", "{A98AC728-B02D-4EB9-99A0-849718652A8E}"
EndProject
Project("{FAE04EC0-301F-11D3-BF4B-00C04F79EFBC}") = "BakerStreetChallenge", "BakerStreetChallenge\BakerStreetChallenge.csproj", "{42FAD68E-5E44-4FEB-BCB7-70124E2219D7}"
EndProject
Global
	GlobalSection(SolutionConfigurationPlatforms) = preSolution
		Debug|Any CPU = Debug|Any CPU
		Release|Any CPU = Release|Any CPU
	EndGlobalSection
	GlobalSection(ProjectConfigurationPlatforms) = postSolution
		{08F1739D-B342-46B8-88B2-C0AE960FB8BA}.Debug|Any CPU.ActiveCfg = Debug|Any CPU
		{08F1739D-B342-46B8-88B2-C0AE960FB8BA}.Debug|Any CPU.Build.0 = Debug|Any CPU
		{08F1739D-B342-46B8-88B2-C0AE960FB8BA}.Release|Any CPU.ActiveCfg = Release|Any CPU
		{08F1739D-B342-46B8-88B2-C0AE960FB8BA}.Release|Any CPU.Build.0 = Release|Any CPU
		{A98AC728-B02D-4EB9-99A0-849718652A8E}.Debug|Any CPU.ActiveCfg = Debug|Any CPU
		{A98AC728-B02D-4EB9-99A0-849718652A8E}.Debug|Any CPU.Build.0 = Debug|Any CPU
		{A98AC728-B02D-4EB9-99A0-849718652A8E}.Release|Any CPU.ActiveCfg = Release|Any CPU
		{A98AC728-B02D-4EB9-99A0-849718652A8E}.Release|Any CPU.Build.0 = Release|Any CPU
		{42FAD68E-5E44-4FEB-BCB7-70124E2219D7}.Debug|Any CPU.ActiveCfg = Debug|Any CPU
		{42FAD68E-5E44-4FEB-BCB7-70124E2219D7}.Debug|Any CPU.Build.0 = Debug|Any CPU
		{42FAD68E-5E44-4FEB-BCB7-70124E2219D7}.Release|Any CPU.ActiveCfg = Release|Any CPU
		{42FAD68E-5E44-4FEB-BCB7-70124E2219D7}.Release|Any CPU.Build.0 = Release|Any CPU
	EndGlobalSection
	GlobalSection(SolutionProperties) = preSolution
		HideSolutionNode = FALSE
	EndGlobalSection
	GlobalSection(ExtensibilityGlobals) = postSolution
		SolutionGuid = {C8241354-AE67-4A7D-A157-4624CC59BA3A}
	EndGlobalSection
EndGlobal
